# This file is @generated by PDM.
# It is not intended for manual editing.

[[package]]
name = "certifi"
version = "2022.12.7"
requires_python = ">=3.6"
summary = "Python package for providing Mozilla's CA Bundle."

[[package]]
name = "charset-normalizer"
version = "2.0.12"
requires_python = ">=3.5.0"
summary = "The Real First Universal Charset Detector. Open, modern and actively maintained alternative to Chardet."

[[package]]
name = "geojson"
version = "2.5.0"
summary = "Python bindings and utilities for GeoJSON"

[[package]]
name = "idna"
version = "3.4"
requires_python = ">=3.5"
summary = "Internationalized Domain Names in Applications (IDNA)"

[[package]]
name = "owslib"
version = "0.22.0"
requires_python = ">=3.6"
summary = "OGC Web Service utility library"
dependencies = [
    "pyproj>=2",
    "python-dateutil>=1.5",
    "pytz",
    "pyyaml",
    "requests>=1.0",
]

[[package]]
name = "pyproj"
version = "3.0.1"
requires_python = ">=3.6"
summary = "Python interface to PROJ (cartographic projections and coordinate transformations library)"
dependencies = [
    "certifi",
]

[[package]]
name = "python-dateutil"
version = "2.8.2"
requires_python = "!=3.0.*,!=3.1.*,!=3.2.*,>=2.7"
summary = "Extensions to the standard Python datetime module"
dependencies = [
    "six>=1.5",
]

[[package]]
name = "pytz"
version = "2022.7.1"
summary = "World timezone definitions, modern and historical"

[[package]]
name = "pyyaml"
version = "6.0"
requires_python = ">=3.6"
summary = "YAML parser and emitter for Python"

[[package]]
name = "requests"
version = "2.27.1"
requires_python = ">=2.7, !=3.0.*, !=3.1.*, !=3.2.*, !=3.3.*, !=3.4.*, !=3.5.*"
summary = "Python HTTP for Humans."
dependencies = [
    "certifi>=2017.4.17",
    "charset-normalizer~=2.0.0; python_version >= \"3\"",
    "idna<4,>=2.5; python_version >= \"3\"",
    "urllib3<1.27,>=1.21.1",
]

[[package]]
name = "shapely"
version = "1.8.5.post1"
requires_python = ">=3.6"
summary = "Geometric objects, predicates, and operations"

[[package]]
name = "six"
version = "1.16.0"
requires_python = ">=2.7, !=3.0.*, !=3.1.*, !=3.2.*"
summary = "Python 2 and 3 compatibility utilities"

[[package]]
name = "urllib3"
version = "1.26.15"
requires_python = ">=2.7, !=3.0.*, !=3.1.*, !=3.2.*, !=3.3.*, !=3.4.*, !=3.5.*"
summary = "HTTP library with thread-safe connection pooling, file post, and more."

[metadata]
lock_version = "4.1"
content_hash = "sha256:09c8e9202291d8feae198054b09f63905ae8e86ade33b6b196096f1fc5137bbd"

[metadata.files]
"certifi 2022.12.7" = [
    {url = "https://files.pythonhosted.org/packages/37/f7/2b1b0ec44fdc30a3d31dfebe52226be9ddc40cd6c0f34ffc8923ba423b69/certifi-2022.12.7.tar.gz", hash = "sha256:35824b4c3a97115964b408844d64aa14db1cc518f6562e8d7261699d1350a9e3"},
    {url = "https://files.pythonhosted.org/packages/71/4c/3db2b8021bd6f2f0ceb0e088d6b2d49147671f25832fb17970e9b583d742/certifi-2022.12.7-py3-none-any.whl", hash = "sha256:4ad3232f5e926d6718ec31cfc1fcadfde020920e278684144551c91769c7bc18"},
]
"charset-normalizer 2.0.12" = [
    {url = "https://files.pythonhosted.org/packages/06/b3/24afc8868eba069a7f03650ac750a778862dc34941a4bebeb58706715726/charset_normalizer-2.0.12-py3-none-any.whl", hash = "sha256:6881edbebdb17b39b4eaaa821b438bf6eddffb4468cf344f09f89def34a8b1df"},
    {url = "https://files.pythonhosted.org/packages/56/31/7bcaf657fafb3c6db8c787a865434290b726653c912085fbd371e9b92e1c/charset-normalizer-2.0.12.tar.gz", hash = "sha256:2857e29ff0d34db842cd7ca3230549d1a697f96ee6d3fb071cfa6c7393832597"},
]
"geojson 2.5.0" = [
    {url = "https://files.pythonhosted.org/packages/b6/8d/c42d3fe6f9b5e5bd6a55d9f03813d674d65d853cb12e6bc56f154a2ceca0/geojson-2.5.0.tar.gz", hash = "sha256:6e4bb7ace4226a45d9c8c8b1348b3fc43540658359f93c3f7e03efa9f15f658a"},
    {url = "https://files.pythonhosted.org/packages/e4/8d/9e28e9af95739e6d2d2f8d4bef0b3432da40b7c3588fbad4298c1be09e48/geojson-2.5.0-py2.py3-none-any.whl", hash = "sha256:ccbd13368dd728f4e4f13ffe6aaf725b6e802c692ba0dde628be475040c534ba"},
]
"idna 3.4" = [
    {url = "https://files.pythonhosted.org/packages/8b/e1/43beb3d38dba6cb420cefa297822eac205a277ab43e5ba5d5c46faf96438/idna-3.4.tar.gz", hash = "sha256:814f528e8dead7d329833b91c5faa87d60bf71824cd12a7530b5526063d02cb4"},
    {url = "https://files.pythonhosted.org/packages/fc/34/3030de6f1370931b9dbb4dad48f6ab1015ab1d32447850b9fc94e60097be/idna-3.4-py3-none-any.whl", hash = "sha256:90b77e79eaa3eba6de819a0c442c0b4ceefc341a7a2ab77d7562bf49f425c5c2"},
]
"owslib 0.22.0" = [
    {url = "https://files.pythonhosted.org/packages/0f/8b/b4d09ca2d5428bf95f9574879445df2dcf66d5f3043554fc5a47e9961528/OWSLib-0.22.0-py2.py3-none-any.whl", hash = "sha256:cccfea9bc05fcfad8b06d2d96137978a89f22590343bf87c8bf7c78ee79f06c2"},
    {url = "https://files.pythonhosted.org/packages/d0/e8/e926b3e45bdb52c8af19aba21bd86c3ccae104d48d13a9b90b4343b1da44/OWSLib-0.22.0.tar.gz", hash = "sha256:23e19ca6b8c6dfe8c9a11387818cd0440d0ccf0c71f0fe4afd210ef63f2c386f"},
]
"pyproj 3.0.1" = [
    {url = "https://files.pythonhosted.org/packages/08/de/3798290b809ae6649b79c742692f8fe049bcb0e01ec251a974b9ae63656c/pyproj-3.0.1-cp39-cp39-win_amd64.whl", hash = "sha256:a3a8ab19232bf4f4bb2590536538881b7bd0c07df23e0c2a792402ca2476c197"},
    {url = "https://files.pythonhosted.org/packages/0e/5d/def3ccddcb4f1da081aa08e95a9a4ad8eb3a3d8b59ed35733d670b853087/pyproj-3.0.1-cp38-cp38-win_amd64.whl", hash = "sha256:bc70b6adcfa713d89bc561673cb57af5fb3a1718cd7d57ec537430cd1007a864"},
    {url = "https://files.pythonhosted.org/packages/18/f1/ad13066c3913e55261ae95fdb4053f58a8d1f764b6112e777c05d01a886a/pyproj-3.0.1-cp36-cp36m-manylinux2010_i686.whl", hash = "sha256:09db64a8088b23f001e574d92bcc3080bf7de44ddca152d0282a2b50c918a64a"},
    {url = "https://files.pythonhosted.org/packages/24/15/ad2529bcfcd4c8d3881a7a0a37c34c4a59bddb6e11948e93759af4427218/pyproj-3.0.1-cp37-cp37m-win_amd64.whl", hash = "sha256:7bfaa34e8bb0510d4380310374deecd9e4328b9cf556925cfb45b5a94d5bbdbe"},
    {url = "https://files.pythonhosted.org/packages/28/0d/4f7294b8a6ec7d20dde14f386e4403fad025e3ce6ad35e0b286dd87baad7/pyproj-3.0.1-cp37-cp37m-macosx_10_9_x86_64.whl", hash = "sha256:708d6e01b9ff3d6dc62a5ad2d2ba1264a863eaa657c1a9bf713a10cc35d34553"},
    {url = "https://files.pythonhosted.org/packages/2c/12/7a8cca32506747c05ffd5c6ba556cf8435754af0939906cbcc7fa5802ea3/pyproj-3.0.1.tar.gz", hash = "sha256:bfbac35490dd17f706700673506eeb8170f8a2a63fb5878171d4e6eef242d141"},
    {url = "https://files.pythonhosted.org/packages/3f/88/1d1c0f5ce92c258706bd7aaf8ba423c2a02e3efa44fa3b09355affde5426/pyproj-3.0.1-cp39-cp39-win32.whl", hash = "sha256:09bead60769e69b592e8cb3ac51b5215f75e9bb9c213ce575031961deb48d6da"},
    {url = "https://files.pythonhosted.org/packages/42/bf/dafcf935d9603126c0322290842b27b985da5e3c3aae2de18f5b22db8a20/pyproj-3.0.1-cp38-cp38-manylinux2010_x86_64.whl", hash = "sha256:fee7517bd389a1db7b8bebb18838d04dedca9eaacda01d353d98f5ee421f263e"},
    {url = "https://files.pythonhosted.org/packages/4e/6d/fe49e3fa1eae3422054a9635eb80ce5015f9b42205fd1f9d2c944be4d441/pyproj-3.0.1-cp38-cp38-manylinux2014_aarch64.whl", hash = "sha256:86ef2fcd584a3222bf73e2befc24b2badd139b3371f4a1e88649978ef7649540"},
    {url = "https://files.pythonhosted.org/packages/53/ef/459d663c95677a63e8f8dd93b46ef89a885bfcf6bc0655b3f17a1566f78c/pyproj-3.0.1-cp36-cp36m-manylinux2010_x86_64.whl", hash = "sha256:cba99e171d744969e13a865ad28fa9c949c4400b0e9c431a802cdd804f52f632"},
    {url = "https://files.pythonhosted.org/packages/6c/9f/6cea2437391aa416faccc0bf9c54982254b48b97c47ba9eb2fd8bbbdc1a0/pyproj-3.0.1-cp39-cp39-manylinux2014_aarch64.whl", hash = "sha256:1be7d54900eb7e2d1e637319080b3a047c70d1fb2f3c12d3400c0fa8a90cf440"},
    {url = "https://files.pythonhosted.org/packages/6e/04/7e7c0f457456ecb1539503974e503f547e52b3809ce547687a7c5b8a2d93/pyproj-3.0.1-cp37-cp37m-manylinux2014_aarch64.whl", hash = "sha256:4a333f3e46fe8b2eb4647a3daa3a2cec52ddc6c107c653b45880526114942ee8"},
    {url = "https://files.pythonhosted.org/packages/71/7b/3ca9e84ce7075e0db00c40f23c841bf0587876120d9c37be099dc62d29ac/pyproj-3.0.1-cp39-cp39-macosx_10_9_x86_64.whl", hash = "sha256:9b845510255f9580d7e226dd3321a51c468cefb7be24e46415caf67caa4287c4"},
    {url = "https://files.pythonhosted.org/packages/72/e5/b76365f8b8dbfca832ce3e1a19fa298865c8a571a247dd932af8adabf28d/pyproj-3.0.1-cp37-cp37m-win32.whl", hash = "sha256:9e2ef75401f17062166d3fe53c555cd62c9577697a2f5ded916b23c54e5db497"},
    {url = "https://files.pythonhosted.org/packages/80/c9/e8c1f372d1e5bd1c258f429c663de5b79fa86d9ebbc2ae516c2f186cfe3a/pyproj-3.0.1-cp38-cp38-manylinux2010_i686.whl", hash = "sha256:c658afc8a6115b58b02aa53d27bf2a67c1b00b55067edb1b7711c6c7391cfaa9"},
    {url = "https://files.pythonhosted.org/packages/88/08/134011522e283fb8225391a7c38193b7193de53bd053c48ec96b61c7a639/pyproj-3.0.1-cp36-cp36m-win32.whl", hash = "sha256:3e7e851e6d58c16ac2cd920a1bacb7fbb24758a6fcd7f234d594a88ebae04ec9"},
    {url = "https://files.pythonhosted.org/packages/91/dd/e46ad6ef9ea396b40c99614b7282c1069e5f1254c567f6052c76e39ab74d/pyproj-3.0.1-cp37-cp37m-manylinux2010_i686.whl", hash = "sha256:36ba436675f9dea4ab3db7d9a32d3ff11c2fbb4d6690a83454d2f3c5c0b54041"},
    {url = "https://files.pythonhosted.org/packages/9e/3f/01235d3a78491005f63d996065046b20660960155c0af0e1ab4716aa5b4b/pyproj-3.0.1-cp39-cp39-manylinux2010_x86_64.whl", hash = "sha256:a3805e026a5547be205a5e322c08e3069f0a48c63bbd53dbc7a8e3499bc66d58"},
    {url = "https://files.pythonhosted.org/packages/a0/04/12f18bc6db409a0a1ad3141fec5ed303fb311d2e82895178ac9e54f83b58/pyproj-3.0.1-cp36-cp36m-macosx_10_9_x86_64.whl", hash = "sha256:f942a976ea3de6a519cf48be30a12f465e44d0ac0c38a0d820ab3acfcc0a48a6"},
    {url = "https://files.pythonhosted.org/packages/b1/72/d52e9ca81caef056062d71991b0e9b1d16af042245627c5d0e4916a36c4f/pyproj-3.0.1-cp37-cp37m-manylinux2010_x86_64.whl", hash = "sha256:489a96da87d8846c34c90da90e637544e4f4f50a13589b5aac54297f5ee1b01d"},
    {url = "https://files.pythonhosted.org/packages/b1/96/ba9a27a71513cf5e80fa2590c7ae4536a53076cab1b27271646fdfed6609/pyproj-3.0.1-cp39-cp39-manylinux2010_i686.whl", hash = "sha256:7ae8e7052f18fde1884574da449010e94fa205ad27aeeaa34a097f49a1ed6a2b"},
    {url = "https://files.pythonhosted.org/packages/c0/3d/7c3d29e508763a2875fa4820a32ec9b2b4290d7db1c6d224da0704887cb3/pyproj-3.0.1-cp36-cp36m-win_amd64.whl", hash = "sha256:aa0a2981b25145523ca17a643c5be077fe13e514fdca9b6d1c412a95d723a5a5"},
    {url = "https://files.pythonhosted.org/packages/d9/db/e0873b09e4acd4032a876b6103a6e4991cdedacfcea1efedf8f1f53c63c5/pyproj-3.0.1-cp38-cp38-macosx_10_9_x86_64.whl", hash = "sha256:9666d01faf4e758ac68f2c16695c90de49c3170e3760988bf76a34aae11f4e15"},
    {url = "https://files.pythonhosted.org/packages/f2/9d/68dd14b0d838f45b435c979713925c80624f1fd7ace458372dd2f48ce6a9/pyproj-3.0.1-cp36-cp36m-manylinux2014_aarch64.whl", hash = "sha256:81c06df20d09d621e52791c19ce3c880695fb430061e59c2472fa5467e890391"},
    {url = "https://files.pythonhosted.org/packages/fe/e7/602f8ad2ac02af128961f2216ee879b6c55f2f37b390b72d5d84b632ee34/pyproj-3.0.1-cp38-cp38-win32.whl", hash = "sha256:d27d40ec541ef69a5107bfcd85f40170e9e122ceb6315ce508cd44d199983d41"},
]
"python-dateutil 2.8.2" = [
    {url = "https://files.pythonhosted.org/packages/36/7a/87837f39d0296e723bb9b62bbb257d0355c7f6128853c78955f57342a56d/python_dateutil-2.8.2-py2.py3-none-any.whl", hash = "sha256:961d03dc3453ebbc59dbdea9e4e11c5651520a876d0f4db161e8674aae935da9"},
    {url = "https://files.pythonhosted.org/packages/4c/c4/13b4776ea2d76c115c1d1b84579f3764ee6d57204f6be27119f13a61d0a9/python-dateutil-2.8.2.tar.gz", hash = "sha256:0123cacc1627ae19ddf3c27a5de5bd67ee4586fbdd6440d9748f8abb483d3e86"},
]
"pytz 2022.7.1" = [
    {url = "https://files.pythonhosted.org/packages/03/3e/dc5c793b62c60d0ca0b7e58f1fdd84d5aaa9f8df23e7589b39cc9ce20a03/pytz-2022.7.1.tar.gz", hash = "sha256:01a0681c4b9684a28304615eba55d1ab31ae00bf68ec157ec3708a8182dbbcd0"},
    {url = "https://files.pythonhosted.org/packages/2e/09/fbd3c46dce130958ee8e0090f910f1fe39e502cc5ba0aadca1e8a2b932e5/pytz-2022.7.1-py2.py3-none-any.whl", hash = "sha256:78f4f37d8198e0627c5f1143240bb0206b8691d8d7ac6d78fee88b78733f8c4a"},
]
"pyyaml 6.0" = [
    {url = "https://files.pythonhosted.org/packages/02/25/6ba9f6bb50a3d4fbe22c1a02554dc670682a07c8701d1716d19ddea2c940/PyYAML-6.0-cp310-cp310-manylinux_2_5_x86_64.manylinux1_x86_64.manylinux_2_12_x86_64.manylinux2010_x86_64.whl", hash = "sha256:f84fbc98b019fef2ee9a1cb3ce93e3187a6df0b2538a651bfb890254ba9f90b5"},
    {url = "https://files.pythonhosted.org/packages/08/f4/ffa743f860f34a5e8c60abaaa686f82c9ac7a2b50e5a1c3b1eb564d59159/PyYAML-6.0-cp39-cp39-win_amd64.whl", hash = "sha256:b3d267842bf12586ba6c734f89d1f5b871df0273157918b0ccefa29deb05c21c"},
    {url = "https://files.pythonhosted.org/packages/0f/93/5f81d1925ce3b531f5ff215376445ec220887cd1c9a8bde23759554dbdfd/PyYAML-6.0-cp310-cp310-win32.whl", hash = "sha256:2cd5df3de48857ed0544b34e2d40e9fac445930039f3cfe4bcc592a1f836d513"},
    {url = "https://files.pythonhosted.org/packages/12/fc/a4d5a7554e0067677823f7265cb3ae22aed8a238560b5133b58cda252dad/PyYAML-6.0-cp39-cp39-manylinux_2_5_x86_64.manylinux1_x86_64.manylinux_2_12_x86_64.manylinux2010_x86_64.whl", hash = "sha256:40527857252b61eacd1d9af500c3337ba8deb8fc298940291486c465c8b46ec0"},
    {url = "https://files.pythonhosted.org/packages/21/67/b42191239c5650c9e419c4a08a7a022bbf1abf55b0391c380a72c3af5462/PyYAML-6.0-cp39-cp39-manylinux_2_17_aarch64.manylinux2014_aarch64.whl", hash = "sha256:d67d839ede4ed1b28a4e8909735fc992a923cdb84e618544973d7dfc71540803"},
    {url = "https://files.pythonhosted.org/packages/2e/b3/13dfd4eeb5e4b2d686b6d1822b40702e991bf3a4194ca5cbcce8d43749db/PyYAML-6.0-cp39-cp39-win32.whl", hash = "sha256:b5b9eccad747aabaaffbc6064800670f0c297e52c12754eb1d976c57e4f74dcb"},
    {url = "https://files.pythonhosted.org/packages/36/2b/61d51a2c4f25ef062ae3f74576b01638bebad5e045f747ff12643df63844/PyYAML-6.0.tar.gz", hash = "sha256:68fb519c14306fec9720a2a5b45bc9f0c8d1b9c72adf45c37baedfcd949c35a2"},
    {url = "https://files.pythonhosted.org/packages/44/e5/4fea13230bcebf24b28c0efd774a2dd65a0937a2d39e94a4503438b078ed/PyYAML-6.0-cp310-cp310-macosx_10_9_x86_64.whl", hash = "sha256:d4db7c7aef085872ef65a8fd7d6d09a14ae91f691dec3e87ee5ee0539d516f53"},
    {url = "https://files.pythonhosted.org/packages/4d/7d/c2ab8da648cd2b937de11fb35649b127adab4851cbeaf5fd9b60a2dab0f7/PyYAML-6.0-cp36-cp36m-win32.whl", hash = "sha256:0283c35a6a9fbf047493e3a0ce8d79ef5030852c51e9d911a27badfde0605293"},
    {url = "https://files.pythonhosted.org/packages/55/e3/507a92589994a5b3c3d7f2a7a066339d6ff61c5c839bae56f7eff03d9c7b/PyYAML-6.0-cp36-cp36m-macosx_10_9_x86_64.whl", hash = "sha256:897b80890765f037df3403d22bab41627ca8811ae55e9a722fd0392850ec4d86"},
    {url = "https://files.pythonhosted.org/packages/56/8f/e8b49ad21d26111493dc2d5cae4d7efbd0e2e065440665f5023515f87f64/PyYAML-6.0-cp311-cp311-manylinux_2_17_x86_64.manylinux2014_x86_64.whl", hash = "sha256:432557aa2c09802be39460360ddffd48156e30721f5e8d917f01d31694216782"},
    {url = "https://files.pythonhosted.org/packages/59/00/30e33fcd2a4562cd40c49c7740881009240c5cbbc0e41ca79ca4bba7c24b/PyYAML-6.0-cp311-cp311-win_amd64.whl", hash = "sha256:01b45c0191e6d66c470b6cf1b9531a771a83c1c4208272ead47a3ae4f2f603bf"},
    {url = "https://files.pythonhosted.org/packages/5e/f4/7b4bb01873be78fc9fde307f38f62e380b7111862c165372cf094ca2b093/PyYAML-6.0-cp310-cp310-manylinux_2_17_aarch64.manylinux2014_aarch64.whl", hash = "sha256:77f396e6ef4c73fdc33a9157446466f1cff553d979bd00ecb64385760c6babdc"},
    {url = "https://files.pythonhosted.org/packages/63/6b/f5dc7942bac17192f4ef00b2d0cdd1ae45eea453d05c1944c0573debe945/PyYAML-6.0-cp38-cp38-manylinux_2_17_s390x.manylinux2014_s390x.whl", hash = "sha256:9fa600030013c4de8165339db93d182b9431076eb98eb40ee068700c9c813e34"},
    {url = "https://files.pythonhosted.org/packages/67/d4/b95266228a25ef5bd70984c08b4efce2c035a4baa5ccafa827b266e3dc36/PyYAML-6.0-cp39-cp39-macosx_11_0_arm64.whl", hash = "sha256:e61ceaab6f49fb8bdfaa0f92c4b57bcfbea54c09277b1b4f7ac376bfb7a7c174"},
    {url = "https://files.pythonhosted.org/packages/68/3f/c027422e49433239267c62323fbc6320d6ac8d7d50cf0cb2a376260dad5f/PyYAML-6.0-cp311-cp311-manylinux_2_17_s390x.manylinux2014_s390x.whl", hash = "sha256:dbad0e9d368bb989f4515da330b88a057617d16b6a8245084f1b05400f24609f"},
    {url = "https://files.pythonhosted.org/packages/6c/3d/524c642f3db37e7e7ab8d13a3f8b0c72d04a619abc19100097d987378fc6/PyYAML-6.0-cp38-cp38-manylinux_2_17_aarch64.manylinux2014_aarch64.whl", hash = "sha256:213c60cd50106436cc818accf5baa1aba61c0189ff610f64f4a3e8c6726218ba"},
    {url = "https://files.pythonhosted.org/packages/74/68/3c13deaa496c14a030c431b7b828d6b343f79eb241b4848c7918091a64a2/PyYAML-6.0-cp36-cp36m-manylinux_2_17_s390x.manylinux2014_s390x.whl", hash = "sha256:48c346915c114f5fdb3ead70312bd042a953a8ce5c7106d5bfb1a5254e47da92"},
    {url = "https://files.pythonhosted.org/packages/77/da/e845437ffe0dffae4e7562faf23a4f264d886431c5d2a2816c853288dc8e/PyYAML-6.0-cp39-cp39-manylinux_2_17_s390x.manylinux2014_s390x.whl", hash = "sha256:cba8c411ef271aa037d7357a2bc8f9ee8b58b9965831d9e51baf703280dc73d3"},
    {url = "https://files.pythonhosted.org/packages/7f/d9/6a0d14ac8d3b5605dc925d177c1d21ee9f0b7b39287799db1e50d197b2f4/PyYAML-6.0-cp311-cp311-manylinux_2_17_aarch64.manylinux2014_aarch64.whl", hash = "sha256:afa17f5bc4d1b10afd4466fd3a44dc0e245382deca5b3c353d8b757f9e3ecb8d"},
    {url = "https://files.pythonhosted.org/packages/81/59/561f7e46916b78f3c4cab8d0c307c81656f11e32c846c0c97fda0019ed76/PyYAML-6.0-cp37-cp37m-manylinux_2_17_s390x.manylinux2014_s390x.whl", hash = "sha256:0ce82d761c532fe4ec3f87fc45688bdd3a4c1dc5e0b4a19814b9009a29baefd4"},
    {url = "https://files.pythonhosted.org/packages/89/26/0bfd7b756b34c68f8fd158b7bc762b6b1705fc1b3cebf4cdbb53fd9ea75b/PyYAML-6.0-cp36-cp36m-win_amd64.whl", hash = "sha256:07751360502caac1c067a8132d150cf3d61339af5691fe9e87803040dbc5db57"},
    {url = "https://files.pythonhosted.org/packages/91/49/d46d7b15cddfa98533e89f3832f391aedf7e31f37b4d4df3a7a7855a7073/PyYAML-6.0-cp310-cp310-macosx_11_0_arm64.whl", hash = "sha256:9df7ed3b3d2e0ecfe09e14741b857df43adb5a3ddadc919a2d94fbdf78fea53c"},
    {url = "https://files.pythonhosted.org/packages/9d/f6/7e91fbb58c9ee528759aea5892e062cccb426720c5830ddcce92eba00ff1/PyYAML-6.0-cp37-cp37m-macosx_10_9_x86_64.whl", hash = "sha256:819b3830a1543db06c4d4b865e70ded25be52a2e0631ccd2f6a47a2822f2fd7c"},
    {url = "https://files.pythonhosted.org/packages/a4/ba/e508fc780e3c94c12753a54fe8f74de535741a10d33b29a576a9bec03500/PyYAML-6.0-cp38-cp38-win32.whl", hash = "sha256:d4eccecf9adf6fbcc6861a38015c2a64f38b9d94838ac1810a9023a0609e1b78"},
    {url = "https://files.pythonhosted.org/packages/a4/e6/4d7a01bc0730c8f958a62d6a4c4f3df23b6139ad68c132b168970d84f192/PyYAML-6.0-cp37-cp37m-win32.whl", hash = "sha256:c5687b8d43cf58545ade1fe3e055f70eac7a5a1a0bf42824308d868289a95737"},
    {url = "https://files.pythonhosted.org/packages/a8/32/1bbe38477fb23f1d83041fefeabf93ef1cd6f0efcf44c221519507315d92/PyYAML-6.0-cp36-cp36m-manylinux_2_17_aarch64.manylinux2014_aarch64.whl", hash = "sha256:50602afada6d6cbfad699b0c7bb50d5ccffa7e46a3d738092afddc1f9758427f"},
    {url = "https://files.pythonhosted.org/packages/a8/5b/c4d674846ea4b07ee239fbf6010bcc427c4e4552ba5655b446e36b9a40a7/PyYAML-6.0-cp38-cp38-win_amd64.whl", hash = "sha256:1e4747bc279b4f613a09eb64bba2ba602d8a6664c6ce6396a4d0cd413a50ce07"},
    {url = "https://files.pythonhosted.org/packages/b3/85/79b9e5b4e8d3c0ac657f4e8617713cca8408f6cdc65d2ee6554217cedff1/PyYAML-6.0-cp36-cp36m-manylinux_2_5_x86_64.manylinux1_x86_64.manylinux_2_12_x86_64.manylinux2010_x86_64.whl", hash = "sha256:98c4d36e99714e55cfbaaee6dd5badbc9a1ec339ebfc3b1f52e293aee6bb71a4"},
    {url = "https://files.pythonhosted.org/packages/b7/09/2f6f4851bbca08642fef087bade095edc3c47f28d1e7bff6b20de5262a77/PyYAML-6.0-cp310-cp310-win_amd64.whl", hash = "sha256:daf496c58a8c52083df09b80c860005194014c3698698d1a57cbcfa182142a3a"},
    {url = "https://files.pythonhosted.org/packages/cb/5f/05dd91f5046e2256e35d885f3b8f0f280148568f08e1bf20421887523e9a/PyYAML-6.0-cp311-cp311-macosx_11_0_arm64.whl", hash = "sha256:81957921f441d50af23654aa6c5e5eaf9b06aba7f0a19c18a538dc7ef291c5a1"},
    {url = "https://files.pythonhosted.org/packages/d1/c0/4fe04181b0210ee2647cfbb89ecd10a36eef89f10d8aca6a192c201bbe58/PyYAML-6.0-cp37-cp37m-win_amd64.whl", hash = "sha256:d15a181d1ecd0d4270dc32edb46f7cb7733c7c508857278d3d378d14d606db2d"},
    {url = "https://files.pythonhosted.org/packages/d7/42/7ad4b6d67a16229496d4f6e74201bdbebcf4bc1e87d5a70c9297d4961bd2/PyYAML-6.0-cp38-cp38-manylinux_2_5_x86_64.manylinux1_x86_64.manylinux_2_12_x86_64.manylinux2010_x86_64.whl", hash = "sha256:277a0ef2981ca40581a47093e9e2d13b3f1fbbeffae064c1d21bfceba2030287"},
    {url = "https://files.pythonhosted.org/packages/db/4e/74bc723f2d22677387ab90cd9139e62874d14211be7172ed8c9f9a7c81a9/PyYAML-6.0-cp38-cp38-macosx_10_9_x86_64.whl", hash = "sha256:0b4624f379dab24d3725ffde76559cff63d9ec94e1736b556dacdfebe5ab6d4b"},
    {url = "https://files.pythonhosted.org/packages/df/75/ee0565bbf65133e5b6ffa154db43544af96ea4c42439e6b58c1e0eb44b4e/PyYAML-6.0-cp37-cp37m-manylinux_2_17_aarch64.manylinux2014_aarch64.whl", hash = "sha256:473f9edb243cb1935ab5a084eb238d842fb8f404ed2193a915d1784b5a6b5fc0"},
    {url = "https://files.pythonhosted.org/packages/eb/5f/6e6fe6904e1a9c67bc2ca5629a69e7a5a0b17f079da838bab98a1e548b25/PyYAML-6.0-cp37-cp37m-manylinux_2_5_x86_64.manylinux1_x86_64.manylinux_2_12_x86_64.manylinux2010_x86_64.whl", hash = "sha256:231710d57adfd809ef5d34183b8ed1eeae3f76459c18fb4a0b373ad56bedcdd9"},
    {url = "https://files.pythonhosted.org/packages/ef/ad/b443cce94539e57e1a745a845f95c100ad7b97593d7e104051e43f730ecd/PyYAML-6.0-cp310-cp310-manylinux_2_17_s390x.manylinux2014_s390x.whl", hash = "sha256:a80a78046a72361de73f8f395f1f1e49f956c6be882eed58505a15f3e430962b"},
    {url = "https://files.pythonhosted.org/packages/f5/6f/b8b4515346af7c33d3b07cd8ca8ea0700ca72e8d7a750b2b87ac0268ca4e/PyYAML-6.0-cp39-cp39-macosx_10_9_x86_64.whl", hash = "sha256:055d937d65826939cb044fc8c9b08889e8c743fdc6a32b33e2390f66013e449b"},
    {url = "https://files.pythonhosted.org/packages/f8/54/799b059314b13e1063473f76e908f44106014d18f54b16c83a16edccd5ec/PyYAML-6.0-cp311-cp311-macosx_10_9_x86_64.whl", hash = "sha256:d4b0ba9512519522b118090257be113b9468d804b19d63c71dbcf4a48fa32358"},
    {url = "https://files.pythonhosted.org/packages/fc/48/531ecd926fe0a374346dd811bf1eda59a95583595bb80eadad511f3269b8/PyYAML-6.0-cp311-cp311-win32.whl", hash = "sha256:bfaef573a63ba8923503d27530362590ff4f576c626d86a9fed95822a8255fd7"},
]
"requests 2.27.1" = [
    {url = "https://files.pythonhosted.org/packages/2d/61/08076519c80041bc0ffa1a8af0cbd3bf3e2b62af10435d269a9d0f40564d/requests-2.27.1-py2.py3-none-any.whl", hash = "sha256:f22fa1e554c9ddfd16e6e41ac79759e17be9e492b3587efa038054674760e72d"},
    {url = "https://files.pythonhosted.org/packages/60/f3/26ff3767f099b73e0efa138a9998da67890793bfa475d8278f84a30fec77/requests-2.27.1.tar.gz", hash = "sha256:68d7c56fd5a8999887728ef304a6d12edc7be74f1cfa47714fc8b414525c9a61"},
]
"shapely 1.8.5.post1" = [
    {url = "https://files.pythonhosted.org/packages/01/74/eaa56c4b230e874458c8d25fddf18d23e2e2625f307db227f38c37b24139/Shapely-1.8.5.post1-cp310-cp310-manylinux_2_12_i686.manylinux2010_i686.whl", hash = "sha256:6fe855e7d45685926b6ba00aaeb5eba5862611f7465775dacd527e081a8ced6d"},
    {url = "https://files.pythonhosted.org/packages/03/c7/767226767fe15d78198f199c51b91c91f4d963e76a939c4a9a4ff2fc4087/Shapely-1.8.5.post1-cp39-cp39-macosx_10_9_universal2.whl", hash = "sha256:0b4ee3132ee90f07d63db3aea316c4c065ed7a26231458dda0874414a09d6ba3"},
    {url = "https://files.pythonhosted.org/packages/04/65/bc86d90b3cdf99e9851403f0b1558b46eb51217d6786cc5e1ccb22ea5211/Shapely-1.8.5.post1-cp311-cp311-manylinux_2_17_i686.manylinux2014_i686.whl", hash = "sha256:8d086591f744be483b34628b391d741e46f2645fe37594319e0a673cc2c26bcf"},
    {url = "https://files.pythonhosted.org/packages/11/78/a67ff51c8167323b91b1b5a687ea5e1b071a9228543eb10a243ccb0e0f2b/Shapely-1.8.5.post1-cp310-cp310-manylinux_2_17_aarch64.manylinux2014_aarch64.whl", hash = "sha256:d8a2b2a65fa7f97115c1cd989fe9d6f39281ca2a8a014f1d4904c1a6e34d7f25"},
    {url = "https://files.pythonhosted.org/packages/14/88/523ecb4366850cb94bb7518e07625008e0c20821ddf306bcba36c1bdc5bc/Shapely-1.8.5.post1-cp38-cp38-macosx_10_9_universal2.whl", hash = "sha256:532a55ee2a6c52d23d6f7d1567c8f0473635f3b270262c44e1b0c88096827e22"},
    {url = "https://files.pythonhosted.org/packages/17/4f/b461d573cbe5625396c551bd771c83282ea5d4fdb30ee931381a23af09a2/Shapely-1.8.5.post1-cp39-cp39-macosx_11_0_arm64.whl", hash = "sha256:c6a9a4a31cd6e86d0fbe8473ceed83d4fe760b19d949fb557ef668defafea0f6"},
    {url = "https://files.pythonhosted.org/packages/17/70/c11106764bf0fdc50191136bdc970ec962bd0bb657070a12779e71e28fea/Shapely-1.8.5.post1-cp38-cp38-manylinux_2_12_x86_64.manylinux2010_x86_64.whl", hash = "sha256:c2822111ddc5bcfb116e6c663e403579d0fe3f147d2a97426011a191c43a7458"},
    {url = "https://files.pythonhosted.org/packages/22/46/7184845f9064baea7a271cc72b0689821d90572b781fdc5ecdd3aa3aefd3/Shapely-1.8.5.post1-cp38-cp38-win_amd64.whl", hash = "sha256:0d885cb0cf670c1c834df3f371de8726efdf711f18e2a75da5cfa82843a7ab65"},
    {url = "https://files.pythonhosted.org/packages/24/97/940c9f7c0bc20ca2121ca9fdb4cbf83e5239f672bcd02d3be486e5e3f012/Shapely-1.8.5.post1-cp311-cp311-macosx_11_0_arm64.whl", hash = "sha256:ab38f7b5196ace05725e407cb8cab9ff66edb8e6f7bb36a398e8f73f52a7aaa2"},
    {url = "https://files.pythonhosted.org/packages/34/30/5704c57904ea600ef041b960753cd5fc78a315210ae2b927a11d3aba2d6c/Shapely-1.8.5.post1-cp310-cp310-macosx_11_0_arm64.whl", hash = "sha256:99a2f0da0109e81e0c101a2b4cd8412f73f5f299e7b5b2deaf64cd2a100ac118"},
    {url = "https://files.pythonhosted.org/packages/3e/0d/29f313b99579e0c54d2b09a60c8e7f71382a44dd725139dbbce51933868a/Shapely-1.8.5.post1-cp311-cp311-macosx_10_9_universal2.whl", hash = "sha256:783bad5f48e2708a0e2f695a34ed382e4162c795cb2f0368b39528ac1d6db7ed"},
    {url = "https://files.pythonhosted.org/packages/40/c2/f4265ebd6f2947f9d391676f998a8fad293ca91ba8704908527428913e9d/Shapely-1.8.5.post1-cp310-cp310-macosx_10_9_x86_64.whl", hash = "sha256:99ab0ddc05e44acabdbe657c599fdb9b2d82e86c5493bdae216c0c4018a82dee"},
    {url = "https://files.pythonhosted.org/packages/42/6d/4b56f98700c302b52ce91e4f50704f989998f63ee1603d35bf573bf353d2/Shapely-1.8.5.post1-cp39-cp39-win32.whl", hash = "sha256:8e59817b0fe63d34baedaabba8c393c0090f061917d18fc0bcc2f621937a8f73"},
    {url = "https://files.pythonhosted.org/packages/47/59/3560714f4526d18c44687b7fddd924d5230babff570cfb3af40f466da70c/Shapely-1.8.5.post1-cp39-cp39-manylinux_2_17_aarch64.manylinux2014_aarch64.whl", hash = "sha256:89164e7a9776a19e29f01369a98529321994e2e4d852b92b7e01d4d9804c55bf"},
    {url = "https://files.pythonhosted.org/packages/49/73/3dda8f4818880e62d3d260150ebae612c2d059216e761675e78240274126/Shapely-1.8.5.post1-cp37-cp37m-macosx_10_9_x86_64.whl", hash = "sha256:5d7f85c2d35d39ff53c9216bc76b7641c52326f7e09aaad1789a3611a0f812f2"},
    {url = "https://files.pythonhosted.org/packages/4b/b3/71e5032e5caee0104d09dff12c3ee1b7890110985acb5dece50673e84112/Shapely-1.8.5.post1-cp36-cp36m-win32.whl", hash = "sha256:6d388c0c1bd878ed1af4583695690aa52234b02ed35f93a1c8486ff52a555838"},
    {url = "https://files.pythonhosted.org/packages/4d/16/ee7ed7a54dbb0bcaa77ca10b0b692e82d1538cd8f663e0f77a46c4dc0435/Shapely-1.8.5.post1-cp38-cp38-manylinux_2_17_aarch64.manylinux2014_aarch64.whl", hash = "sha256:4b47bb6f9369e8bf3e6dbd33e6a25a47ee02b2874792a529fe04a49bf8bc0df6"},
    {url = "https://files.pythonhosted.org/packages/55/95/f694322ba2dc37f7956dbf1bfb924ac42979b04c65b5f37631726729acba/Shapely-1.8.5.post1-cp311-cp311-macosx_10_9_x86_64.whl", hash = "sha256:a23ef3882d6aa203dd3623a3d55d698f59bfbd9f8a3bfed52c2da05a7f0f8640"},
    {url = "https://files.pythonhosted.org/packages/56/1a/1e6878881c2d91d892767172351e6bfb6f19633acf66f57e43ad9b724611/Shapely-1.8.5.post1-cp38-cp38-win32.whl", hash = "sha256:2e0a8c2e55f1be1312b51c92b06462ea89e6bb703fab4b114e7a846d941cfc40"},
    {url = "https://files.pythonhosted.org/packages/56/bf/49e91fcad7bbe562141d6337a7f3c7698da513c9f07264b2c02150cf590a/Shapely-1.8.5.post1-cp311-cp311-win_amd64.whl", hash = "sha256:48dcfffb9e225c0481120f4bdf622131c8c95f342b00b158cdbe220edbbe20b6"},
    {url = "https://files.pythonhosted.org/packages/5b/cc/673c152ebe86a72860526fd26977693ce99c2de921d45ef931a716da0fbf/Shapely-1.8.5.post1-cp38-cp38-macosx_11_0_arm64.whl", hash = "sha256:b65f5d530ba91e49ffc7c589255e878d2506a8b96ffce69d3b7c4500a9a9eaf8"},
    {url = "https://files.pythonhosted.org/packages/6c/74/3acd45b35aba6120e828e3229378377569a0241678b3f06463991829c313/Shapely-1.8.5.post1-cp36-cp36m-macosx_10_9_x86_64.whl", hash = "sha256:2fd15397638df291c427a53d641d3e6fd60458128029c8c4f487190473a69a91"},
    {url = "https://files.pythonhosted.org/packages/74/65/a898434cb7a69a3ef9554a6f3b3b325e17a5e15887ce88b18b9585e09e84/Shapely-1.8.5.post1-cp37-cp37m-win32.whl", hash = "sha256:65b21243d8f6bcd421210daf1fabb9de84de2c04353c5b026173b88d17c1a581"},
    {url = "https://files.pythonhosted.org/packages/7a/6f/9f67f1693087319e3ab45e2fbbc2bf1e81c47413c75a3ffff06a90f6bf44/Shapely-1.8.5.post1-cp310-cp310-macosx_10_9_universal2.whl", hash = "sha256:d048f93e42ba578b82758c15d8ae037d08e69d91d9872bca5a1895b118f4e2b0"},
    {url = "https://files.pythonhosted.org/packages/7b/b6/580f795a835f7b93d6e5c4fb125ba4fa81eb0e8489c5ac126ac2669b9521/Shapely-1.8.5.post1-cp37-cp37m-manylinux_2_12_x86_64.manylinux2010_x86_64.whl", hash = "sha256:753ed0e21ab108bd4282405b9b659f2e985e8502b1a72b978eaa51d3496dee19"},
    {url = "https://files.pythonhosted.org/packages/80/7d/0acea9a831cd15b8020ae1442627c55fa312921d4ca19ffae97c0b2ee7c8/Shapely-1.8.5.post1-cp39-cp39-win_amd64.whl", hash = "sha256:e9c30b311de2513555ab02464ebb76115d242842b29c412f5a9aa0cac57be9f6"},
    {url = "https://files.pythonhosted.org/packages/81/3c/7c76e8d66c414d1dac3014c842acf52ebe1ceb513a88685d36f9ff4ffe27/Shapely-1.8.5.post1-cp36-cp36m-manylinux_2_12_i686.manylinux2010_i686.whl", hash = "sha256:a74631e511153366c6dbe3229fa93f877e3c87ea8369cd00f1d38c76b0ed9ace"},
    {url = "https://files.pythonhosted.org/packages/81/5a/1848c3296272866febcfad476c878089299c70594fe3bbf682d084c7ba88/Shapely-1.8.5.post1-cp39-cp39-manylinux_2_12_i686.manylinux2010_i686.whl", hash = "sha256:38f0fbbcb8ca20c16451c966c1f527cc43968e121c8a048af19ed3e339a921cd"},
    {url = "https://files.pythonhosted.org/packages/81/9f/d1ac5445a0a25a587ae8dfab76c980862dc5261f209c4a50f5c7a3beaba7/Shapely-1.8.5.post1-cp37-cp37m-win_amd64.whl", hash = "sha256:370b574c78dc5af3a198a6da5d9b3d7c04654bd2ef7e80e80a3a0992dfb2d9cd"},
    {url = "https://files.pythonhosted.org/packages/88/43/3a8006855fe0ae3deac065843c2f601c542f841b3c92794619d1ab291b4f/Shapely-1.8.5.post1-cp310-cp310-win_amd64.whl", hash = "sha256:a354199219c8d836f280b88f2c5102c81bb044ccea45bd361dc38a79f3873714"},
    {url = "https://files.pythonhosted.org/packages/92/2e/a8bbe3c6b414c3c61c4b639ab16d5b1f9c4c4095817d417b503413e613c0/Shapely-1.8.5.post1.tar.gz", hash = "sha256:ef3be705c3eac282a28058e6c6e5503419b250f482320df2172abcbea642c831"},
    {url = "https://files.pythonhosted.org/packages/95/c4/f762a599d63d433012745b3c893a355dabf01e2fd5080c4c60f383ac47f5/Shapely-1.8.5.post1-cp311-cp311-win32.whl", hash = "sha256:84010db15eb364a52b74ea8804ef92a6a930dfc1981d17a369444b6ddec66efd"},
    {url = "https://files.pythonhosted.org/packages/96/3a/c34e35e3181e593c72357353e8fa60052c751eff37c4a6f4e473cbf9aafd/Shapely-1.8.5.post1-cp310-cp310-manylinux_2_12_x86_64.manylinux2010_x86_64.whl", hash = "sha256:ec14ceca36f67cb48b34d02d7f65a9acae15cd72b48e303531893ba4a960f3ea"},
    {url = "https://files.pythonhosted.org/packages/a8/f3/e5743c71d61f3533d49792dd63dbd4237508edd4fb1a3d6a27fe8fb4cd3b/Shapely-1.8.5.post1-cp38-cp38-manylinux_2_12_i686.manylinux2010_i686.whl", hash = "sha256:147066da0be41b147a61f8eb805dea3b13709dbc873a431ccd7306e24d712bc0"},
    {url = "https://files.pythonhosted.org/packages/aa/4b/76dae50fcc9433fe512ef51e17f0944c0b2c4f4ff329916f995ae1f95a42/Shapely-1.8.5.post1-cp310-cp310-win32.whl", hash = "sha256:21776184516a16bf82a0c3d6d6a312b3cd15a4cabafc61ee01cf2714a82e8396"},
    {url = "https://files.pythonhosted.org/packages/b6/8f/f1beeb3585a7db42062bb67ce1766b55a7b3e25af1a916a0879bc249b5c9/Shapely-1.8.5.post1-cp36-cp36m-win_amd64.whl", hash = "sha256:be9423d5a3577ac2e92c7e758bd8a2b205f5e51a012177a590bc46fc51eb4834"},
    {url = "https://files.pythonhosted.org/packages/d7/8e/68d8278ab04c89dc14b1b1c2bf95b1df18a9b461c6b5f85649f3602d267e/Shapely-1.8.5.post1-cp311-cp311-manylinux_2_17_x86_64.manylinux2014_x86_64.whl", hash = "sha256:4728666fff8cccc65a07448cae72c75a8773fea061c3f4f139c44adc429b18c3"},
    {url = "https://files.pythonhosted.org/packages/e4/97/84ee6e6c02ed3b843da53caa66686b1d8594bb8be10525171d2427b4231b/Shapely-1.8.5.post1-cp38-cp38-macosx_10_9_x86_64.whl", hash = "sha256:3480657460e939f45a7d359ef0e172a081f249312557fe9aa78c4fd3a362d993"},
    {url = "https://files.pythonhosted.org/packages/e7/fa/096b96ddc0b5048a6dd968a76c25eccf9d94e3a8699a7823fdb39d4f1785/Shapely-1.8.5.post1-cp37-cp37m-manylinux_2_12_i686.manylinux2010_i686.whl", hash = "sha256:adcf8a11b98af9375e32bff91de184f33a68dc48b9cb9becad4f132fa25cfa3c"},
    {url = "https://files.pythonhosted.org/packages/eb/3c/e853d9f7c6ffdbb5db24c3eda4c84cc3229fec52fbd464f53368a2edfe7e/Shapely-1.8.5.post1-cp36-cp36m-manylinux_2_12_x86_64.manylinux2010_x86_64.whl", hash = "sha256:66bdac74fbd1d3458fa787191a90fa0ae610f09e2a5ec398c36f968cc0ed743f"},
    {url = "https://files.pythonhosted.org/packages/ec/6d/ff268d09332501c8efccc2cf98e7d2f56659c91a150f43cb84bd0546c3e8/Shapely-1.8.5.post1-cp39-cp39-manylinux_2_12_x86_64.manylinux2010_x86_64.whl", hash = "sha256:78fb9d929b8ee15cfd424b6c10879ce1907f24e05fb83310fc47d2cd27088e40"},
    {url = "https://files.pythonhosted.org/packages/ed/91/0844725ae749f1b9c831d5ca4622a181a3264fbcced217409da537e33818/Shapely-1.8.5.post1-cp39-cp39-macosx_10_9_x86_64.whl", hash = "sha256:02dd5d7dc6e46515d88874134dc8fcdc65826bca93c3eecee59d1910c42c1b17"},
]
"six 1.16.0" = [
    {url = "https://files.pythonhosted.org/packages/71/39/171f1c67cd00715f190ba0b100d606d440a28c93c7714febeca8b79af85e/six-1.16.0.tar.gz", hash = "sha256:1e61c37477a1626458e36f7b1d82aa5c9b094fa4802892072e49de9c60c4c926"},
    {url = "https://files.pythonhosted.org/packages/d9/5a/e7c31adbe875f2abbb91bd84cf2dc52d792b5a01506781dbcf25c91daf11/six-1.16.0-py2.py3-none-any.whl", hash = "sha256:8abb2f1d86890a2dfb989f9a77cfcfd3e47c2a354b01111771326f8aa26e0254"},
]
"urllib3 1.26.15" = [
    {url = "https://files.pythonhosted.org/packages/21/79/6372d8c0d0641b4072889f3ff84f279b738cd8595b64c8e0496d4e848122/urllib3-1.26.15.tar.gz", hash = "sha256:8a388717b9476f934a21484e8c8e61875ab60644d29b9b39e11e4b9dc1c6b305"},
    {url = "https://files.pythonhosted.org/packages/7b/f5/890a0baca17a61c1f92f72b81d3c31523c99bec609e60c292ea55b387ae8/urllib3-1.26.15-py2.py3-none-any.whl", hash = "sha256:aa751d169e23c7479ce47a0cb0da579e3ede798f994f5816a74e4f4500dcea42"},
]
